// !$*UTF8*$!
{
	archiveVersion = 1;
	classes = {
	};
	objectVersion = 50;
	objects = {

/* Begin PBXBuildFile section */
		A282B3A1263848BD00206936 /* AppDelegate.swift in Sources */ = {isa = PBXBuildFile; fileRef = A282B3A0263848BD00206936 /* AppDelegate.swift */; };
		A282B3A3263848BD00206936 /* SceneDelegate.swift in Sources */ = {isa = PBXBuildFile; fileRef = A282B3A2263848BD00206936 /* SceneDelegate.swift */; };
		A282B3A5263848BD00206936 /* ViewController.swift in Sources */ = {isa = PBXBuildFile; fileRef = A282B3A4263848BD00206936 /* ViewController.swift */; };
		A282B3A8263848BD00206936 /* Main.storyboard in Resources */ = {isa = PBXBuildFile; fileRef = A282B3A6263848BD00206936 /* Main.storyboard */; };
		A282B3AA263848BF00206936 /* Assets.xcassets in Resources */ = {isa = PBXBuildFile; fileRef = A282B3A9263848BF00206936 /* Assets.xcassets */; };
		A282B3AD263848BF00206936 /* LaunchScreen.storyboard in Resources */ = {isa = PBXBuildFile; fileRef = A282B3AB263848BF00206936 /* LaunchScreen.storyboard */; };
		A282B3B8263848BF00206936 /* TagMapApp2Tests.swift in Sources */ = {isa = PBXBuildFile; fileRef = A282B3B7263848BF00206936 /* TagMapApp2Tests.swift */; };
		A282B3C3263848BF00206936 /* TagMapApp2UITests.swift in Sources */ = {isa = PBXBuildFile; fileRef = A282B3C2263848BF00206936 /* TagMapApp2UITests.swift */; };
/* End PBXBuildFile section */

/* Begin PBXContainerItemProxy section */
		A282B3B4263848BF00206936 /* PBXContainerItemProxy */ = {
			isa = PBXContainerItemProxy;
			containerPortal = A282B395263848BD00206936 /* Project object */;
			proxyType = 1;
			remoteGlobalIDString = A282B39C263848BD00206936;
			remoteInfo = TagMapApp2;
		};
		A282B3BF263848BF00206936 /* PBXContainerItemProxy */ = {
			isa = PBXContainerItemProxy;
			containerPortal = A282B395263848BD00206936 /* Project object */;
			proxyType = 1;
			remoteGlobalIDString = A282B39C263848BD00206936;
			remoteInfo = TagMapApp2;
		};
/* End PBXContainerItemProxy section */

/* Begin PBXFileReference section */
		A282B39D263848BD00206936 /* TagMapApp2.app */ = {isa = PBXFileReference; explicitFileType = wrapper.application; includeInIndex = 0; path = TagMapApp2.app; sourceTree = BUILT_PRODUCTS_DIR; };
		A282B3A0263848BD00206936 /* AppDelegate.swift */ = {isa = PBXFileReference; lastKnownFileType = sourcecode.swift; path = AppDelegate.swift; sourceTree = "<group>"; };
		A282B3A2263848BD00206936 /* SceneDelegate.swift */ = {isa = PBXFileReference; lastKnownFileType = sourcecode.swift; path = SceneDelegate.swift; sourceTree = "<group>"; };
		A282B3A4263848BD00206936 /* ViewController.swift */ = {isa = PBXFileReference; lastKnownFileType = sourcecode.swift; path = ViewController.swift; sourceTree = "<group>"; };
		A282B3A7263848BD00206936 /* Base */ = {isa = PBXFileReference; lastKnownFileType = file.storyboard; name = Base; path = Base.lproj/Main.storyboard; sourceTree = "<group>"; };
		A282B3A9263848BF00206936 /* Assets.xcassets */ = {isa = PBXFileReference; lastKnownFileType = folder.assetcatalog; path = Assets.xcassets; sourceTree = "<group>"; };
		A282B3AC263848BF00206936 /* Base */ = {isa = PBXFileReference; lastKnownFileType = file.storyboard; name = Base; path = Base.lproj/LaunchScreen.storyboard; sourceTree = "<group>"; };
		A282B3AE263848BF00206936 /* Info.plist */ = {isa = PBXFileReference; lastKnownFileType = text.plist.xml; path = Info.plist; sourceTree = "<group>"; };
		A282B3B3263848BF00206936 /* TagMapApp2Tests.xctest */ = {isa = PBXFileReference; explicitFileType = wrapper.cfbundle; includeInIndex = 0; path = TagMapApp2Tests.xctest; sourceTree = BUILT_PRODUCTS_DIR; };
		A282B3B7263848BF00206936 /* TagMapApp2Tests.swift */ = {isa = PBXFileReference; lastKnownFileType = sourcecode.swift; path = TagMapApp2Tests.swift; sourceTree = "<group>"; };
		A282B3B9263848BF00206936 /* Info.plist */ = {isa = PBXFileReference; lastKnownFileType = text.plist.xml; path = Info.plist; sourceTree = "<group>"; };
		A282B3BE263848BF00206936 /* TagMapApp2UITests.xctest */ = {isa = PBXFileReference; explicitFileType = wrapper.cfbundle; includeInIndex = 0; path = TagMapApp2UITests.xctest; sourceTree = BUILT_PRODUCTS_DIR; };
		A282B3C2263848BF00206936 /* TagMapApp2UITests.swift */ = {isa = PBXFileReference; lastKnownFileType = sourcecode.swift; path = TagMapApp2UITests.swift; sourceTree = "<group>"; };
		A282B3C4263848BF00206936 /* Info.plist */ = {isa = PBXFileReference; lastKnownFileType = text.plist.xml; path = Info.plist; sourceTree = "<group>"; };
/* End PBXFileReference section */

/* Begin PBXFrameworksBuildPhase section */
		A282B39A263848BD00206936 /* Frameworks */ = {
			isa = PBXFrameworksBuildPhase;
			buildActionMask = 2147483647;
			files = (
			);
			runOnlyForDeploymentPostprocessing = 0;
		};
		A282B3B0263848BF00206936 /* Frameworks */ = {
			isa = PBXFrameworksBuildPhase;
			buildActionMask = 2147483647;
			files = (
			);
			runOnlyForDeploymentPostprocessing = 0;
		};
		A282B3BB263848BF00206936 /* Frameworks */ = {
			isa = PBXFrameworksBuildPhase;
			buildActionMask = 2147483647;
			files = (
			);
			runOnlyForDeploymentPostprocessing = 0;
		};
/* End PBXFrameworksBuildPhase section */

/* Begin PBXGroup section */
		A282B394263848BD00206936 = {
			isa = PBXGroup;
			children = (
				A282B39F263848BD00206936 /* TagMapApp2 */,
				A282B3B6263848BF00206936 /* TagMapApp2Tests */,
				A282B3C1263848BF00206936 /* TagMapApp2UITests */,
				A282B39E263848BD00206936 /* Products */,
			);
			sourceTree = "<group>";
		};
		A282B39E263848BD00206936 /* Products */ = {
			isa = PBXGroup;
			children = (
				A282B39D263848BD00206936 /* TagMapApp2.app */,
				A282B3B3263848BF00206936 /* TagMapApp2Tests.xctest */,
				A282B3BE263848BF00206936 /* TagMapApp2UITests.xctest */,
			);
			name = Products;
			sourceTree = "<group>";
		};
		A282B39F263848BD00206936 /* TagMapApp2 */ = {
			isa = PBXGroup;
			children = (
				A282B3A0263848BD00206936 /* AppDelegate.swift */,
				A282B3A2263848BD00206936 /* SceneDelegate.swift */,
				A282B3A4263848BD00206936 /* ViewController.swift */,
				A282B3A6263848BD00206936 /* Main.storyboard */,
				A282B3A9263848BF00206936 /* Assets.xcassets */,
				A282B3AB263848BF00206936 /* LaunchScreen.storyboard */,
				A282B3AE263848BF00206936 /* Info.plist */,
			);
			path = TagMapApp2;
			sourceTree = "<group>";
		};
		A282B3B6263848BF00206936 /* TagMapApp2Tests */ = {
			isa = PBXGroup;
			children = (
				A282B3B7263848BF00206936 /* TagMapApp2Tests.swift */,
				A282B3B9263848BF00206936 /* Info.plist */,
			);
			path = TagMapApp2Tests;
			sourceTree = "<group>";
		};
		A282B3C1263848BF00206936 /* TagMapApp2UITests */ = {
			isa = PBXGroup;
			children = (
				A282B3C2263848BF00206936 /* TagMapApp2UITests.swift */,
				A282B3C4263848BF00206936 /* Info.plist */,
			);
			path = TagMapApp2UITests;
			sourceTree = "<group>";
		};
/* End PBXGroup section */

/* Begin PBXNativeTarget section */
		A282B39C263848BD00206936 /* TagMapApp2 */ = {
			isa = PBXNativeTarget;
			buildConfigurationList = A282B3C7263848BF00206936 /* Build configuration list for PBXNativeTarget "TagMapApp2" */;
			buildPhases = (
				A282B399263848BD00206936 /* Sources */,
				A282B39A263848BD00206936 /* Frameworks */,
				A282B39B263848BD00206936 /* Resources */,
			);
			buildRules = (
			);
			dependencies = (
			);
			name = TagMapApp2;
			productName = TagMapApp2;
			productReference = A282B39D263848BD00206936 /* TagMapApp2.app */;
			productType = "com.apple.product-type.application";
		};
		A282B3B2263848BF00206936 /* TagMapApp2Tests */ = {
			isa = PBXNativeTarget;
			buildConfigurationList = A282B3CA263848BF00206936 /* Build configuration list for PBXNativeTarget "TagMapApp2Tests" */;
			buildPhases = (
				A282B3AF263848BF00206936 /* Sources */,
				A282B3B0263848BF00206936 /* Frameworks */,
				A282B3B1263848BF00206936 /* Resources */,
			);
			buildRules = (
			);
			dependencies = (
				A282B3B5263848BF00206936 /* PBXTargetDependency */,
			);
			name = TagMapApp2Tests;
			productName = TagMapApp2Tests;
			productReference = A282B3B3263848BF00206936 /* TagMapApp2Tests.xctest */;
			productType = "com.apple.product-type.bundle.unit-test";
		};
		A282B3BD263848BF00206936 /* TagMapApp2UITests */ = {
			isa = PBXNativeTarget;
			buildConfigurationList = A282B3CD263848BF00206936 /* Build configuration list for PBXNativeTarget "TagMapApp2UITests" */;
			buildPhases = (
				A282B3BA263848BF00206936 /* Sources */,
				A282B3BB263848BF00206936 /* Frameworks */,
				A282B3BC263848BF00206936 /* Resources */,
			);
			buildRules = (
			);
			dependencies = (
				A282B3C0263848BF00206936 /* PBXTargetDependency */,
			);
			name = TagMapApp2UITests;
			productName = TagMapApp2UITests;
			productReference = A282B3BE263848BF00206936 /* TagMapApp2UITests.xctest */;
			productType = "com.apple.product-type.bundle.ui-testing";
		};
/* End PBXNativeTarget section */

/* Begin PBXProject section */
		A282B395263848BD00206936 /* Project object */ = {
			isa = PBXProject;
			attributes = {
				LastSwiftUpdateCheck = 1240;
				LastUpgradeCheck = 1240;
				TargetAttributes = {
					A282B39C263848BD00206936 = {
						CreatedOnToolsVersion = 12.4;
					};
					A282B3B2263848BF00206936 = {
						CreatedOnToolsVersion = 12.4;
						TestTargetID = A282B39C263848BD00206936;
					};
					A282B3BD263848BF00206936 = {
						CreatedOnToolsVersion = 12.4;
						TestTargetID = A282B39C263848BD00206936;
					};
				};
			};
			buildConfigurationList = A282B398263848BD00206936 /* Build configuration list for PBXProject "TagMapApp2" */;
			compatibilityVersion = "Xcode 9.3";
			developmentRegion = en;
			hasScannedForEncodings = 0;
			knownRegions = (
				en,
				Base,
			);
			mainGroup = A282B394263848BD00206936;
			productRefGroup = A282B39E263848BD00206936 /* Products */;
			projectDirPath = "";
			projectRoot = "";
			targets = (
				A282B39C263848BD00206936 /* TagMapApp2 */,
				A282B3B2263848BF00206936 /* TagMapApp2Tests */,
				A282B3BD263848BF00206936 /* TagMapApp2UITests */,
			);
		};
/* End PBXProject section */

/* Begin PBXResourcesBuildPhase section */
		A282B39B263848BD00206936 /* Resources */ = {
			isa = PBXResourcesBuildPhase;
			buildActionMask = 2147483647;
			files = (
				A282B3AD263848BF00206936 /* LaunchScreen.storyboard in Resources */,
				A282B3AA263848BF00206936 /* Assets.xcassets in Resources */,
				A282B3A8263848BD00206936 /* Main.storyboard in Resources */,
			);
			runOnlyForDeploymentPostprocessing = 0;
		};
		A282B3B1263848BF00206936 /* Resources */ = {
			isa = PBXResourcesBuildPhase;
			buildActionMask = 2147483647;
			files = (
			);
			runOnlyForDeploymentPostprocessing = 0;
		};
		A282B3BC263848BF00206936 /* Resources */ = {
			isa = PBXResourcesBuildPhase;
			buildActionMask = 2147483647;
			files = (
			);
			runOnlyForDeploymentPostprocessing = 0;
		};
/* End PBXResourcesBuildPhase section */

/* Begin PBXSourcesBuildPhase section */
		A282B399263848BD00206936 /* Sources */ = {
			isa = PBXSourcesBuildPhase;
			buildActionMask = 2147483647;
			files = (
				A282B3A5263848BD00206936 /* ViewController.swift in Sources */,
				A282B3A1263848BD00206936 /* AppDelegate.swift in Sources */,
				A282B3A3263848BD00206936 /* SceneDelegate.swift in Sources */,
			);
			runOnlyForDeploymentPostprocessing = 0;
		};
		A282B3AF263848BF00206936 /* Sources */ = {
			isa = PBXSourcesBuildPhase;
			buildActionMask = 2147483647;
			files = (
				A282B3B8263848BF00206936 /* TagMapApp2Tests.swift in Sources */,
			);
			runOnlyForDeploymentPostprocessing = 0;
		};
		A282B3BA263848BF00206936 /* Sources */ = {
			isa = PBXSourcesBuildPhase;
			buildActionMask = 2147483647;
			files = (
				A282B3C3263848BF00206936 /* TagMapApp2UITests.swift in Sources */,
			);
			runOnlyForDeploymentPostprocessing = 0;
		};
/* End PBXSourcesBuildPhase section */

/* Begin PBXTargetDependency section */
		A282B3B5263848BF00206936 /* PBXTargetDependency */ = {
			isa = PBXTargetDependency;
			target = A282B39C263848BD00206936 /* TagMapApp2 */;
			targetProxy = A282B3B4263848BF00206936 /* PBXContainerItemProxy */;
		};
		A282B3C0263848BF00206936 /* PBXTargetDependency */ = {
			isa = PBXTargetDependency;
			target = A282B39C263848BD00206936 /* TagMapApp2 */;
			targetProxy = A282B3BF263848BF00206936 /* PBXContainerItemProxy */;
		};
/* End PBXTargetDependency section */

/* Begin PBXVariantGroup section */
		A282B3A6263848BD00206936 /* Main.storyboard */ = {
			isa = PBXVariantGroup;
			children = (
				A282B3A7263848BD00206936 /* Base */,
			);
			name = Main.storyboard;
			sourceTree = "<group>";
		};
		A282B3AB263848BF00206936 /* LaunchScreen.storyboard */ = {
			isa = PBXVariantGroup;
			children = (
				A282B3AC263848BF00206936 /* Base */,
			);
			name = LaunchScreen.storyboard;
			sourceTree = "<group>";
		};
/* End PBXVariantGroup section */

/* Begin XCBuildConfiguration section */
		A282B3C5263848BF00206936 /* Debug */ = {
			isa = XCBuildConfiguration;
			buildSettings = {
				ALWAYS_SEARCH_USER_PATHS = NO;
				CLANG_ANALYZER_NONNULL = YES;
				CLANG_ANALYZER_NUMBER_OBJECT_CONVERSION = YES_AGGRESSIVE;
				CLANG_CXX_LANGUAGE_STANDARD = "gnu++14";
				CLANG_CXX_LIBRARY = "libc++";
				CLANG_ENABLE_MODULES = YES;
				CLANG_ENABLE_OBJC_ARC = YES;
				CLANG_ENABLE_OBJC_WEAK = YES;
				CLANG_WARN_BLOCK_CAPTURE_AUTORELEASING = YES;
				CLANG_WARN_BOOL_CONVERSION = YES;
				CLANG_WARN_COMMA = YES;
				CLANG_WARN_CONSTANT_CONVERSION = YES;
				CLANG_WARN_DEPRECATED_OBJC_IMPLEMENTATIONS = YES;
				CLANG_WARN_DIRECT_OBJC_ISA_USAGE = YES_ERROR;
				CLANG_WARN_DOCUMENTATION_COMMENTS = YES;
				CLANG_WARN_EMPTY_BODY = YES;
				CLANG_WARN_ENUM_CONVERSION = YES;
				CLANG_WARN_INFINITE_RECURSION = YES;
				CLANG_WARN_INT_CONVERSION = YES;
				CLANG_WARN_NON_LITERAL_NULL_CONVERSION = YES;
				CLANG_WARN_OBJC_IMPLICIT_RETAIN_SELF = YES;
				CLANG_WARN_OBJC_LITERAL_CONVERSION = YES;
				CLANG_WARN_OBJC_ROOT_CLASS = YES_ERROR;
				CLANG_WARN_QUOTED_INCLUDE_IN_FRAMEWORK_HEADER = YES;
				CLANG_WARN_RANGE_LOOP_ANALYSIS = YES;
				CLANG_WARN_STRICT_PROTOTYPES = YES;
				CLANG_WARN_SUSPICIOUS_MOVE = YES;
				CLANG_WARN_UNGUARDED_AVAILABILITY = YES_AGGRESSIVE;
				CLANG_WARN_UNREACHABLE_CODE = YES;
				CLANG_WARN__DUPLICATE_METHOD_MATCH = YES;
				COPY_PHASE_STRIP = NO;
				DEBUG_INFORMATION_FORMAT = dwarf;
				ENABLE_STRICT_OBJC_MSGSEND = YES;
				ENABLE_TESTABILITY = YES;
				GCC_C_LANGUAGE_STANDARD = gnu11;
				GCC_DYNAMIC_NO_PIC = NO;
				GCC_NO_COMMON_BLOCKS = YES;
				GCC_OPTIMIZATION_LEVEL = 0;
				GCC_PREPROCESSOR_DEFINITIONS = (
					"DEBUG=1",
					"$(inherited)",
				);
				GCC_WARN_64_TO_32_BIT_CONVERSION = YES;
				GCC_WARN_ABOUT_RETURN_TYPE = YES_ERROR;
				GCC_WARN_UNDECLARED_SELECTOR = YES;
				GCC_WARN_UNINITIALIZED_AUTOS = YES_AGGRESSIVE;
				GCC_WARN_UNUSED_FUNCTION = YES;
				GCC_WARN_UNUSED_VARIABLE = YES;
				IPHONEOS_DEPLOYMENT_TARGET = 14.4;
				MTL_ENABLE_DEBUG_INFO = INCLUDE_SOURCE;
				MTL_FAST_MATH = YES;
				ONLY_ACTIVE_ARCH = YES;
				SDKROOT = iphoneos;
				SWIFT_ACTIVE_COMPILATION_CONDITIONS = DEBUG;
				SWIFT_OPTIMIZATION_LEVEL = "-Onone";
			};
			name = Debug;
		};
		A282B3C6263848BF00206936 /* Release */ = {
			isa = XCBuildConfiguration;
			buildSettings = {
				ALWAYS_SEARCH_USER_PATHS = NO;
				CLANG_ANALYZER_NONNULL = YES;
				CLANG_ANALYZER_NUMBER_OBJECT_CONVERSION = YES_AGGRESSIVE;
				CLANG_CXX_LANGUAGE_STANDARD = "gnu++14";
				CLANG_CXX_LIBRARY = "libc++";
				CLANG_ENABLE_MODULES = YES;
				CLANG_ENABLE_OBJC_ARC = YES;
				CLANG_ENABLE_OBJC_WEAK = YES;
				CLANG_WARN_BLOCK_CAPTURE_AUTORELEASING = YES;
				CLANG_WARN_BOOL_CONVERSION = YES;
				CLANG_WARN_COMMA = YES;
				CLANG_WARN_CONSTANT_CONVERSION = YES;
				CLANG_WARN_DEPRECATED_OBJC_IMPLEMENTATIONS = YES;
				CLANG_WARN_DIRECT_OBJC_ISA_USAGE = YES_ERROR;
				CLANG_WARN_DOCUMENTATION_COMMENTS = YES;
				CLANG_WARN_EMPTY_BODY = YES;
				CLANG_WARN_ENUM_CONVERSION = YES;
				CLANG_WARN_INFINITE_RECURSION = YES;
				CLANG_WARN_INT_CONVERSION = YES;
				CLANG_WARN_NON_LITERAL_NULL_CONVERSION = YES;
				CLANG_WARN_OBJC_IMPLICIT_RETAIN_SELF = YES;
				CLANG_WARN_OBJC_LITERAL_CONVERSION = YES;
				CLANG_WARN_OBJC_ROOT_CLASS = YES_ERROR;
				CLANG_WARN_QUOTED_INCLUDE_IN_FRAMEWORK_HEADER = YES;
				CLANG_WARN_RANGE_LOOP_ANALYSIS = YES;
				CLANG_WARN_STRICT_PROTOTYPES = YES;
				CLANG_WARN_SUSPICIOUS_MOVE = YES;
				CLANG_WARN_UNGUARDED_AVAILABILITY = YES_AGGRESSIVE;
				CLANG_WARN_UNREACHABLE_CODE = YES;
				CLANG_WARN__DUPLICATE_METHOD_MATCH = YES;
				COPY_PHASE_STRIP = NO;
				DEBUG_INFORMATION_FORMAT = "dwarf-with-dsym";
				ENABLE_NS_ASSERTIONS = NO;
				ENABLE_STRICT_OBJC_MSGSEND = YES;
				GCC_C_LANGUAGE_STANDARD = gnu11;
				GCC_NO_COMMON_BLOCKS = YES;
				GCC_WARN_64_TO_32_BIT_CONVERSION = YES;
				GCC_WARN_ABOUT_RETURN_TYPE = YES_ERROR;
				GCC_WARN_UNDECLARED_SELECTOR = YES;
				GCC_WARN_UNINITIALIZED_AUTOS = YES_AGGRESSIVE;
				GCC_WARN_UNUSED_FUNCTION = YES;
				GCC_WARN_UNUSED_VARIABLE = YES;
				IPHONEOS_DEPLOYMENT_TARGET = 14.4;
				MTL_ENABLE_DEBUG_INFO = NO;
				MTL_FAST_MATH = YES;
				SDKROOT = iphoneos;
				SWIFT_COMPILATION_MODE = wholemodule;
				SWIFT_OPTIMIZATION_LEVEL = "-O";
				VALIDATE_PRODUCT = YES;
			};
			name = Release;
		};
		A282B3C8263848BF00206936 /* Debug */ = {
			isa = XCBuildConfiguration;
			buildSettings = {
				ASSETCATALOG_COMPILER_APPICON_NAME = AppIcon;
				ASSETCATALOG_COMPILER_GLOBAL_ACCENT_COLOR_NAME = AccentColor;
				CODE_SIGN_STYLE = Automatic;
				DEVELOPMENT_TEAM = JBUX78X9ML;
				INFOPLIST_FILE = TagMapApp2/Info.plist;
				LD_RUNPATH_SEARCH_PATHS = (
					"$(inherited)",
					"@executable_path/Frameworks",
				);
				PRODUCT_BUNDLE_IDENTIFIER = "Masaki-Sato.TagMapApp2";
				PRODUCT_NAME = "$(TARGET_NAME)";
				SWIFT_VERSION = 5.0;
				TARGETED_DEVICE_FAMILY = "1,2";
			};
			name = Debug;
		};
		A282B3C9263848BF00206936 /* Release */ = {
			isa = XCBuildConfiguration;
			buildSettings = {
				ASSETCATALOG_COMPILER_APPICON_NAME = AppIcon;
				ASSETCATALOG_COMPILER_GLOBAL_ACCENT_COLOR_NAME = AccentColor;
				CODE_SIGN_STYLE = Automatic;
				DEVELOPMENT_TEAM = JBUX78X9ML;
				INFOPLIST_FILE = TagMapApp2/Info.plist;
				LD_RUNPATH_SEARCH_PATHS = (
					"$(inherited)",
					"@executable_path/Frameworks",
				);
				PRODUCT_BUNDLE_IDENTIFIER = "Masaki-Sato.TagMapApp2";
				PRODUCT_NAME = "$(TARGET_NAME)";
				SWIFT_VERSION = 5.0;
				TARGETED_DEVICE_FAMILY = "1,2";
			};
			name = Release;
		};
		A282B3CB263848BF00206936 /* Debug */ = {
			isa = XCBuildConfiguration;
			buildSettings = {
				ALWAYS_EMBED_SWIFT_STANDARD_LIBRARIES = YES;
				BUNDLE_LOADER = "$(TEST_HOST)";
				CODE_SIGN_STYLE = Automatic;
				DEVELOPMENT_TEAM = JBUX78X9ML;
				INFOPLIST_FILE = TagMapApp2Tests/Info.plist;
				IPHONEOS_DEPLOYMENT_TARGET = 14.4;
				LD_RUNPATH_SEARCH_PATHS = (
					"$(inherited)",
					"@executable_path/Frameworks",
					"@loader_path/Frameworks",
				);
				PRODUCT_BUNDLE_IDENTIFIER = "Masaki-Sato.TagMapApp2Tests";
				PRODUCT_NAME = "$(TARGET_NAME)";
				SWIFT_VERSION = 5.0;
				TARGETED_DEVICE_FAMILY = "1,2";
				TEST_HOST = "$(BUILT_PRODUCTS_DIR)/TagMapApp2.app/TagMapApp2";
			};
			name = Debug;
		};
		A282B3CC263848BF00206936 /* Release */ = {
			isa = XCBuildConfiguration;
			buildSettings = {
				ALWAYS_EMBED_SWIFT_STANDARD_LIBRARIES = YES;
				BUNDLE_LOADER = "$(TEST_HOST)";
				CODE_SIGN_STYLE = Automatic;
				DEVELOPMENT_TEAM = JBUX78X9ML;
				INFOPLIST_FILE = TagMapApp2Tests/Info.plist;
				IPHONEOS_DEPLOYMENT_TARGET = 14.4;
				LD_RUNPATH_SEARCH_PATHS = (
					"$(inherited)",
					"@executable_path/Frameworks",
					"@loader_path/Frameworks",
				);
				PRODUCT_BUNDLE_IDENTIFIER = "Masaki-Sato.TagMapApp2Tests";
				PRODUCT_NAME = "$(TARGET_NAME)";
				SWIFT_VERSION = 5.0;
				TARGETED_DEVICE_FAMILY = "1,2";
				TEST_HOST = "$(BUILT_PRODUCTS_DIR)/TagMapApp2.app/TagMapApp2";
			};
			name = Release;
		};
		A282B3CE263848BF00206936 /* Debug */ = {
			isa = XCBuildConfiguration;
			buildSettings = {
				ALWAYS_EMBED_SWIFT_STANDARD_LIBRARIES = YES;
				CODE_SIGN_STYLE = Automatic;
				DEVELOPMENT_TEAM = JBUX78X9ML;
				INFOPLIST_FILE = TagMapApp2UITests/Info.plist;
				LD_RUNPATH_SEARCH_PATHS = (
					"$(inherited)",
					"@executable_path/Frameworks",
					"@loader_path/Frameworks",
				);
				PRODUCT_BUNDLE_IDENTIFIER = "Masaki-Sato.TagMapApp2UITests";
				PRODUCT_NAME = "$(TARGET_NAME)";
				SWIFT_VERSION = 5.0;
				TARGETED_DEVICE_FAMILY = "1,2";
				TEST_TARGET_NAME = TagMapApp2;
			};
			name = Debug;
		};
		A282B3CF263848BF00206936 /* Release */ = {
			isa = XCBuildConfiguration;
			buildSettings = {
				ALWAYS_EMBED_SWIFT_STANDARD_LIBRARIES = YES;
				CODE_SIGN_STYLE = Automatic;
				DEVELOPMENT_TEAM = JBUX78X9ML;
				INFOPLIST_FILE = TagMapApp2UITests/Info.plist;
				LD_RUNPATH_SEARCH_PATHS = (
					"$(inherited)",
					"@executable_path/Frameworks",
					"@loader_path/Frameworks",
				);
				PRODUCT_BUNDLE_IDENTIFIER = "Masaki-Sato.TagMapApp2UITests";
				PRODUCT_NAME = "$(TARGET_NAME)";
				SWIFT_VERSION = 5.0;
				TARGETED_DEVICE_FAMILY = "1,2";
				TEST_TARGET_NAME = TagMapApp2;
			};
			name = Release;
		};
/* End XCBuildConfiguration section */

/* Begin XCConfigurationList section */
		A282B398263848BD00206936 /* Build configuration list for PBXProject "TagMapApp2" */ = {
			isa = XCConfigurationList;
			buildConfigurations = (
				A282B3C5263848BF00206936 /* Debug */,
				A282B3C6263848BF00206936 /* Release */,
			);
			defaultConfigurationIsVisible = 0;
			defaultConfigurationName = Release;
		};
		A282B3C7263848BF00206936 /* Build configuration list for PBXNativeTarget "TagMapApp2" */ = {
			isa = XCConfigurationList;
			buildConfigurations = (
				A282B3C8263848BF00206936 /* Debug */,
				A282B3C9263848BF00206936 /* Release */,
			);
			defaultConfigurationIsVisible = 0;
			defaultConfigurationName = Release;
		};
		A282B3CA263848BF00206936 /* Build configuration list for PBXNativeTarget "TagMapApp2Tests" */ = {
			isa = XCConfigurationList;
			buildConfigurations = (
				A282B3CB263848BF00206936 /* Debug */,
				A282B3CC263848BF00206936 /* Release */,
			);
			defaultConfigurationIsVisible = 0;
			defaultConfigurationName = Release;
		};
		A282B3CD263848BF00206936 /* Build configuration list for PBXNativeTarget "TagMapApp2UITests" */ = {
			isa = XCConfigurationList;
			buildConfigurations = (
				A282B3CE263848BF00206936 /* Debug */,
				A282B3CF263848BF00206936 /* Release */,
			);
			defaultConfigurationIsVisible = 0;
			defaultConfigurationName = Release;
		};
/* End XCConfigurationList section */
	};
	rootObject = A282B395263848BD00206936 /* Project object */;
}
